<?xml version="1.0" encoding="utf-8"?>
<Project ToolsVersion="4.0" xmlns="http://schemas.microsoft.com/developer/msbuild/2003">
  <ItemGroup>
    <Filter Include="Source Files">
      <UniqueIdentifier>{4FC737F1-C7A5-4376-A066-2A32D752A2FF}</UniqueIdentifier>
      <Extensions>cpp;c;cc;cxx;def;odl;idl;hpj;bat;asm;asmx</Extensions>
    </Filter>
    <Filter Include="Header Files">
      <UniqueIdentifier>{93995380-89BD-4b04-88EB-625FBE52EBFB}</UniqueIdentifier>
      <Extensions>h;hh;hpp;hxx;hm;inl;inc;ipp;xsd</Extensions>
    </Filter>
    <Filter Include="Resource Files">
      <UniqueIdentifier>{67DA6AB6-F800-4c08-8B7A-83BB121AAD01}</UniqueIdentifier>
      <Extensions>rc;ico;cur;bmp;dlg;rc2;rct;bin;rgs;gif;jpg;jpeg;jpe;resx;tiff;tif;png;wav;mfcribbon-ms</Extensions>
    </Filter>
  </ItemGroup>
  <ItemGroup>
    <ClCompile Include="src\main.cpp">
      <Filter>Source Files</Filter>
    </ClCompile>
    <ClCompile Include="src\config\Config.cpp">
      <Filter>Source Files</Filter>
    </ClCompile>
    <ClCompile Include="src\input\InputManager.cpp">
      <Filter>Source Files</Filter>
    </ClCompile>
    <ClCompile Include="src\math\AABB.cpp">
      <Filter>Source Files</Filter>
    </ClCompile>
    <ClCompile Include="src\math\OtherMath.cpp">
      <Filter>Source Files</Filter>
    </ClCompile>
    <ClCompile Include="src\render\RenderManager.cpp">
      <Filter>Source Files</Filter>
    </ClCompile>
    <ClCompile Include="src\utils\Debug.cpp">
      <Filter>Source Files</Filter>
    </ClCompile>
    <ClCompile Include="src\utils\File.cpp">
      <Filter>Source Files</Filter>
    </ClCompile>
    <ClCompile Include="src\window\WindowManager.cpp">
      <Filter>Source Files</Filter>
    </ClCompile>
    <ClCompile Include="dep\src\detail\pugixml.cpp">
      <Filter>Source Files</Filter>
    </ClCompile>
    <ClCompile Include="dep\src\FreeFuncs.cpp">
      <Filter>Source Files</Filter>
    </ClCompile>
    <ClCompile Include="dep\src\ImageLayer.cpp">
      <Filter>Source Files</Filter>
    </ClCompile>
    <ClCompile Include="dep\src\imgui.cpp">
      <Filter>Source Files</Filter>
    </ClCompile>
    <ClCompile Include="dep\src\imgui_demo.cpp">
      <Filter>Source Files</Filter>
    </ClCompile>
    <ClCompile Include="dep\src\imgui_draw.cpp">
      <Filter>Source Files</Filter>
    </ClCompile>
    <ClCompile Include="dep\src\imgui-SFML.cpp">
      <Filter>Source Files</Filter>
    </ClCompile>
    <ClCompile Include="dep\src\ImGuizmo.cpp">
      <Filter>Source Files</Filter>
    </ClCompile>
    <ClCompile Include="dep\src\ImSequencer.cpp">
      <Filter>Source Files</Filter>
    </ClCompile>
    <ClCompile Include="dep\src\Map.cpp">
      <Filter>Source Files</Filter>
    </ClCompile>
    <ClCompile Include="dep\src\miniz.c">
      <Filter>Source Files</Filter>
    </ClCompile>
    <ClCompile Include="dep\src\Object.cpp">
      <Filter>Source Files</Filter>
    </ClCompile>
    <ClCompile Include="dep\src\ObjectGroup.cpp">
      <Filter>Source Files</Filter>
    </ClCompile>
    <ClCompile Include="dep\src\Property.cpp">
      <Filter>Source Files</Filter>
    </ClCompile>
    <ClCompile Include="dep\src\StringCast.cpp">
      <Filter>Source Files</Filter>
    </ClCompile>
    <ClCompile Include="dep\src\TileLayer.cpp">
      <Filter>Source Files</Filter>
    </ClCompile>
    <ClCompile Include="dep\src\Tileset.cpp">
      <Filter>Source Files</Filter>
    </ClCompile>
    <ClCompile Include="src\time\TimeManager.cpp">
      <Filter>Source Files</Filter>
    </ClCompile>
    <ClCompile Include="src\gui\GUIManager.cpp">
      <Filter>Source Files</Filter>
    </ClCompile>
    <ClCompile Include="src\sprites\Spritesheet.cpp">
      <Filter>Source Files</Filter>
    </ClCompile>
    <ClCompile Include="src\os\OSManager.cpp">
      <Filter>Source Files</Filter>
    </ClCompile>
  </ItemGroup>
  <ItemGroup>
    <ClInclude Include="src\config\Config.h">
      <Filter>Header Files</Filter>
    </ClInclude>
    <ClInclude Include="src\debug\LoggingManager.h">
      <Filter>Header Files</Filter>
    </ClInclude>
    <ClInclude Include="src\input\InputManager.h">
      <Filter>Header Files</Filter>
    </ClInclude>
    <ClInclude Include="src\math\AABB.h">
      <Filter>Header Files</Filter>
    </ClInclude>
    <ClInclude Include="src\math\OtherMath.h">
      <Filter>Header Files</Filter>
    </ClInclude>
    <ClInclude Include="src\math\Vector.h">
      <Filter>Header Files</Filter>
    </ClInclude>
    <ClInclude Include="src\render\RenderManager.h">
      <Filter>Header Files</Filter>
    </ClInclude>
    <ClInclude Include="src\resources\ResourceManager.h">
      <Filter>Header Files</Filter>
    </ClInclude>
    <ClInclude Include="src\resources\TextFileManager.h">
      <Filter>Header Files</Filter>
    </ClInclude>
    <ClInclude Include="src\resources\TextureManager.h">
      <Filter>Header Files</Filter>
    </ClInclude>
    <ClInclude Include="src\types\def.h">
      <Filter>Header Files</Filter>
    </ClInclude>
    <ClInclude Include="src\utils\CRSP.h">
      <Filter>Header Files</Filter>
    </ClInclude>
    <ClInclude Include="src\utils\Debug.h">
      <Filter>Header Files</Filter>
    </ClInclude>
    <ClInclude Include="src\utils\File.h">
      <Filter>Header Files</Filter>
    </ClInclude>
    <ClInclude Include="src\utils\Manager.h">
      <Filter>Header Files</Filter>
    </ClInclude>
    <ClInclude Include="src\window\WindowManager.h">
      <Filter>Header Files</Filter>
    </ClInclude>
    <ClInclude Include="dep\include\detail\MetaHolder.h">
      <Filter>Header Files</Filter>
    </ClInclude>
    <ClInclude Include="dep\include\detail\template_helpers.h">
      <Filter>Header Files</Filter>
    </ClInclude>
    <ClInclude Include="dep\include\tmxlite\detail\Android.hpp">
      <Filter>Header Files</Filter>
    </ClInclude>
    <ClInclude Include="dep\include\tmxlite\detail\Log.hpp">
      <Filter>Header Files</Filter>
    </ClInclude>
    <ClInclude Include="dep\include\tmxlite\Config.hpp">
      <Filter>Header Files</Filter>
    </ClInclude>
    <ClInclude Include="dep\include\tmxlite\FreeFuncs.hpp">
      <Filter>Header Files</Filter>
    </ClInclude>
    <ClInclude Include="dep\include\tmxlite\ImageLayer.hpp">
      <Filter>Header Files</Filter>
    </ClInclude>
    <ClInclude Include="dep\include\tmxlite\Layer.hpp">
      <Filter>Header Files</Filter>
    </ClInclude>
    <ClInclude Include="dep\include\tmxlite\Map.hpp">
      <Filter>Header Files</Filter>
    </ClInclude>
    <ClInclude Include="dep\include\tmxlite\Object.hpp">
      <Filter>Header Files</Filter>
    </ClInclude>
    <ClInclude Include="dep\include\tmxlite\ObjectGroup.hpp">
      <Filter>Header Files</Filter>
    </ClInclude>
    <ClInclude Include="dep\include\tmxlite\Property.hpp">
      <Filter>Header Files</Filter>
    </ClInclude>
    <ClInclude Include="dep\include\tmxlite\TileLayer.hpp">
      <Filter>Header Files</Filter>
    </ClInclude>
    <ClInclude Include="dep\include\tmxlite\Tileset.hpp">
      <Filter>Header Files</Filter>
    </ClInclude>
    <ClInclude Include="dep\include\tmxlite\Types.hpp">
      <Filter>Header Files</Filter>
    </ClInclude>
    <ClInclude Include="dep\include\imconfig.h">
      <Filter>Header Files</Filter>
    </ClInclude>
    <ClInclude Include="dep\include\imgui.h">
      <Filter>Header Files</Filter>
    </ClInclude>
    <ClInclude Include="dep\include\imgui_internal.h">
      <Filter>Header Files</Filter>
    </ClInclude>
    <ClInclude Include="dep\include\imgui-SFML.h">
      <Filter>Header Files</Filter>
    </ClInclude>
    <ClInclude Include="dep\include\ImGuizmo.h">
      <Filter>Header Files</Filter>
    </ClInclude>
    <ClInclude Include="dep\include\ImSequencer.h">
      <Filter>Header Files</Filter>
    </ClInclude>
    <ClInclude Include="dep\include\json.hpp">
      <Filter>Header Files</Filter>
    </ClInclude>
    <ClInclude Include="dep\include\JsonCast.h">
      <Filter>Header Files</Filter>
    </ClInclude>
    <ClInclude Include="dep\include\Member.h">
      <Filter>Header Files</Filter>
    </ClInclude>
    <ClInclude Include="dep\include\Meta.h">
      <Filter>Header Files</Filter>
    </ClInclude>
    <ClInclude Include="dep\include\SFMLOrthogonalLayer.hpp">
      <Filter>Header Files</Filter>
    </ClInclude>
    <ClInclude Include="dep\include\stb_rect_pack.h">
      <Filter>Header Files</Filter>
    </ClInclude>
    <ClInclude Include="dep\include\stb_textedit.h">
      <Filter>Header Files</Filter>
    </ClInclude>
    <ClInclude Include="dep\include\stb_truetype.h">
      <Filter>Header Files</Filter>
    </ClInclude>
    <ClInclude Include="dep\include\StringCast.h">
      <Filter>Header Files</Filter>
    </ClInclude>
    <ClInclude Include="dep\src\detail\pugiconfig.hpp">
      <Filter>Header Files</Filter>
    </ClInclude>
    <ClInclude Include="dep\src\detail\pugixml.hpp">
      <Filter>Header Files</Filter>
    </ClInclude>
    <ClInclude Include="dep\src\miniz.h">
      <Filter>Header Files</Filter>
    </ClInclude>
    <ClInclude Include="src\time\TimeManager.h">
      <Filter>Header Files</Filter>
    </ClInclude>
    <ClInclude Include="src\gui\GUIManager.h">
      <Filter>Header Files</Filter>
    </ClInclude>
    <ClInclude Include="src\sprites\Spritesheet.h">
      <Filter>Header Files</Filter>
    </ClInclude>
    <ClInclude Include="src\os\OSManager.h">
      <Filter>Header Files</Filter>
    </ClInclude>
  </ItemGroup>
  <ItemGroup>
    <None Include="src\debug\cafe.inl">
      <Filter>Header Files</Filter>
    </None>
    <None Include="dep\include\detail\template_helpers.inl">
      <Filter>Header Files</Filter>
    </None>
    <None Include="dep\include\tmxlite\Types.inl">
      <Filter>Header Files</Filter>
    </None>
    <None Include="dep\include\JsonCast.inl">
      <Filter>Header Files</Filter>
    </None>
    <None Include="dep\include\Member.inl">
      <Filter>Header Files</Filter>
    </None>
    <None Include="dep\include\Meta.inl">
      <Filter>Header Files</Filter>
    </None>
  </ItemGroup>
</Project>